
Microsoft Visual Studio Solution File, Format Version 12.00
# Visual Studio Version 16
VisualStudioVersion = 16.0.29009.5
MinimumVisualStudioVersion = 10.0.40219.1
Project("{9A19103F-16F7-4668-BE54-9A1E7A4F7556}") = "OdeToFood", "OdeToFood\OdeToFood.csproj", "{9BD1BC07-591F-4483-A68A-0934BF6F2BD9}"
EndProject
Project("{9A19103F-16F7-4668-BE54-9A1E7A4F7556}") = "OdeToFood.Core", "OdeToFood.Core\OdeToFood.Core.csproj", "{DC90CAB3-2167-485E-A103-A80451D5E91A}"
EndProject
Project("{9A19103F-16F7-4668-BE54-9A1E7A4F7556}") = "OdeToFood.Data", "OdeToFood.Data\OdeToFood.Data.csproj", "{F6C03CF3-030B-4437-9B2A-7F49F40A7FDC}"
EndProject
Global
	GlobalSection(SolutionConfigurationPlatforms) = preSolution
		Debug|Any CPU = Debug|Any CPU
		Release|Any CPU = Release|Any CPU
	EndGlobalSection
	GlobalSection(ProjectConfigurationPlatforms) = postSolution
		{9BD1BC07-591F-4483-A68A-0934BF6F2BD9}.Debug|Any CPU.ActiveCfg = Debug|Any CPU
		{9BD1BC07-591F-4483-A68A-0934BF6F2BD9}.Debug|Any CPU.Build.0 = Debug|Any CPU
		{9BD1BC07-591F-4483-A68A-0934BF6F2BD9}.Release|Any CPU.ActiveCfg = Release|Any CPU
		{9BD1BC07-591F-4483-A68A-0934BF6F2BD9}.Release|Any CPU.Build.0 = Release|Any CPU
		{DC90CAB3-2167-485E-A103-A80451D5E91A}.Debug|Any CPU.ActiveCfg = Debug|Any CPU
		{DC90CAB3-2167-485E-A103-A80451D5E91A}.Debug|Any CPU.Build.0 = Debug|Any CPU
		{DC90CAB3-2167-485E-A103-A80451D5E91A}.Release|Any CPU.ActiveCfg = Release|Any CPU
		{DC90CAB3-2167-485E-A103-A80451D5E91A}.Release|Any CPU.Build.0 = Release|Any CPU
		{F6C03CF3-030B-4437-9B2A-7F49F40A7FDC}.Debug|Any CPU.ActiveCfg = Debug|Any CPU
		{F6C03CF3-030B-4437-9B2A-7F49F40A7FDC}.Debug|Any CPU.Build.0 = Debug|Any CPU
		{F6C03CF3-030B-4437-9B2A-7F49F40A7FDC}.Release|Any CPU.ActiveCfg = Release|Any CPU
		{F6C03CF3-030B-4437-9B2A-7F49F40A7FDC}.Release|Any CPU.Build.0 = Release|Any CPU
	EndGlobalSection
	GlobalSection(SolutionProperties) = preSolution
		HideSolutionNode = FALSE
	EndGlobalSection
	GlobalSection(ExtensibilityGlobals) = postSolution
		SolutionGuid = {E3117351-6B6B-435E-A9DB-4E2D5D9A410C}
	EndGlobalSection
EndGlobal
